
Microsoft Visual Studio Solution File, Format Version 12.00
# Visual Studio 15
VisualStudioVersion = 15.0.28307.271
MinimumVisualStudioVersion = 10.0.40219.1
Project("{FAE04EC0-301F-11D3-BF4B-00C04F79EFBC}") = "HW_CSharp_Triangle_Pascal_20190703", "HW_CSharp_Triangle_Pascal_20190703\HW_CSharp_Triangle_Pascal_20190703.csproj", "{C266F007-715D-4418-941C-520B3D3F44EA}"
EndProject
Global
	GlobalSection(SolutionConfigurationPlatforms) = preSolution
		Debug|Any CPU = Debug|Any CPU
		Release|Any CPU = Release|Any CPU
	EndGlobalSection
	GlobalSection(ProjectConfigurationPlatforms) = postSolution
		{C266F007-715D-4418-941C-520B3D3F44EA}.Debug|Any CPU.ActiveCfg = Debug|Any CPU
		{C266F007-715D-4418-941C-520B3D3F44EA}.Debug|Any CPU.Build.0 = Debug|Any CPU
		{C266F007-715D-4418-941C-520B3D3F44EA}.Release|Any CPU.ActiveCfg = Release|Any CPU
		{C266F007-715D-4418-941C-520B3D3F44EA}.Release|Any CPU.Build.0 = Release|Any CPU
	EndGlobalSection
	GlobalSection(SolutionProperties) = preSolution
		HideSolutionNode = FALSE
	EndGlobalSection
	GlobalSection(ExtensibilityGlobals) = postSolution
		SolutionGuid = {29A49735-ED25-40FB-AD94-E9D060277F7D}
	EndGlobalSection
EndGlobal
